PODS:
  - iXpandSDKObjc (1.0.2)

DEPENDENCIES:
  - iXpandSDKObjc (from `https://github.com/leshkoapps/iXpandSDKObjc.git`, commit `8e7ecb8e6b1739bc20b77d025478722b80564d5b`)

EXTERNAL SOURCES:
  iXpandSDKObjc:
    :commit: 8e7ecb8e6b1739bc20b77d025478722b80564d5b
    :git: https://github.com/leshkoapps/iXpandSDKObjc.git

CHECKOUT OPTIONS:
  iXpandSDKObjc:
    :commit: 8e7ecb8e6b1739bc20b77d025478722b80564d5b
    :git: https://github.com/leshkoapps/iXpandSDKObjc.git

SPEC CHECKSUMS:
  iXpandSDKObjc: 94506ab94e7f411799a48d90a029d92cc5b23cbb

PODFILE CHECKSUM: 5e4c08f5cfd3becf5f3096a8344e7e69708b589d

COCOAPODS: 1.5.3
