PODS:
  - iXpandSDKObjc (1.0.2)

DEPENDENCIES:
  - iXpandSDKObjc (from `https://github.com/leshkoapps/iXpandSDKObjc.git`, commit `cfff5620951b45c6f744a43814f2b80228dc3e5f`)

EXTERNAL SOURCES:
  iXpandSDKObjc:
    :commit: cfff5620951b45c6f744a43814f2b80228dc3e5f
    :git: https://github.com/leshkoapps/iXpandSDKObjc.git

CHECKOUT OPTIONS:
  iXpandSDKObjc:
    :commit: cfff5620951b45c6f744a43814f2b80228dc3e5f
    :git: https://github.com/leshkoapps/iXpandSDKObjc.git

SPEC CHECKSUMS:
  iXpandSDKObjc: cbe1e1d8da9987b9a2052c70bf943283b9dceda9

PODFILE CHECKSUM: 5872c64f6a84ff83f0520c4efc6fb09e03ee3ef2

COCOAPODS: 1.5.3
